PODS:
  - Flutter (1.0.0)
  - flutter_app_badger (1.3.0):
    - Flutter
  - flutter_secure_storage (6.0.0):
    - Flutter

DEPENDENCIES:
  - Flutter (from `Flutter`)
  - flutter_app_badger (from `.symlinks/plugins/flutter_app_badger/ios`)
  - flutter_secure_storage (from `.symlinks/plugins/flutter_secure_storage/ios`)

EXTERNAL SOURCES:
  Flutter:
    :path: Flutter
  flutter_app_badger:
    :path: ".symlinks/plugins/flutter_app_badger/ios"
  flutter_secure_storage:
    :path: ".symlinks/plugins/flutter_secure_storage/ios"

SPEC CHECKSUMS:
  Flutter: cabc95a1d2626b1b06e7179b784ebcf0c0cde467
  flutter_app_badger: b87fc231847b03b92ce1412aa351842e7e97932f
  flutter_secure_storage: d33dac7ae2ea08509be337e775f6b59f1ff45f12

PODFILE CHECKSUM: 53a6aebc29ccee84c41f92f409fc20cd4ca011f1

COCOAPODS: 1.16.2
